// !$*UTF8*$!
{
	archiveVersion = 1;
	classes = {
	};
	objectVersion = 56;
	objects = {

/* Begin PBXBuildFile section */
		1C2670B92B072E7B00D8E120 /* OffersPage.swift in Sources */ = {isa = PBXBuildFile; fileRef = 1C2670B82B072E7B00D8E120 /* OffersPage.swift */; };
		1C2670C12B0B1F2C00D8E120 /* MenuPage.swift in Sources */ = {isa = PBXBuildFile; fileRef = 1C2670C02B0B1F2C00D8E120 /* MenuPage.swift */; };
		1C2670C32B0B1F3900D8E120 /* InfoPage.swift in Sources */ = {isa = PBXBuildFile; fileRef = 1C2670C22B0B1F3900D8E120 /* InfoPage.swift */; };
		1C2670C52B0B1F5400D8E120 /* OrderPage.swift in Sources */ = {isa = PBXBuildFile; fileRef = 1C2670C42B0B1F5400D8E120 /* OrderPage.swift */; };
		1C2670C92B0B23B900D8E120 /* ProductItem.swift in Sources */ = {isa = PBXBuildFile; fileRef = 1C2670C82B0B23B900D8E120 /* ProductItem.swift */; };
		1C2670CB2B0B28A000D8E120 /* DetailsPage.swift in Sources */ = {isa = PBXBuildFile; fileRef = 1C2670CA2B0B28A000D8E120 /* DetailsPage.swift */; };
		1C2670CE2B0B2D7000D8E120 /* Category.swift in Sources */ = {isa = PBXBuildFile; fileRef = 1C2670CD2B0B2D7000D8E120 /* Category.swift */; };
		1C2670D02B0B2D8100D8E120 /* Product.swift in Sources */ = {isa = PBXBuildFile; fileRef = 1C2670CF2B0B2D8100D8E120 /* Product.swift */; };
		1C2670D22B0B316000D8E120 /* MenuManager.swift in Sources */ = {isa = PBXBuildFile; fileRef = 1C2670D12B0B316000D8E120 /* MenuManager.swift */; };
		1C2670D42B0B317B00D8E120 /* OrderManager.swift in Sources */ = {isa = PBXBuildFile; fileRef = 1C2670D32B0B317B00D8E120 /* OrderManager.swift */; };
		1C2670D62B1068D700D8E120 /* OrderItem.swift in Sources */ = {isa = PBXBuildFile; fileRef = 1C2670D52B1068D700D8E120 /* OrderItem.swift */; };
		1C2670D92B108C0900D8E120 /* Alamofire in Frameworks */ = {isa = PBXBuildFile; productRef = 1C2670D82B108C0900D8E120 /* Alamofire */; };
		1C666A6D2B05D8030073341C /* Offer.swift in Sources */ = {isa = PBXBuildFile; fileRef = 1C666A6C2B05D8030073341C /* Offer.swift */; };
		1C8AF9602AF931A300A4818B /* HotTamalesApp.swift in Sources */ = {isa = PBXBuildFile; fileRef = 1C8AF95F2AF931A300A4818B /* HotTamalesApp.swift */; };
		1C8AF9622AF931A300A4818B /* ContentView.swift in Sources */ = {isa = PBXBuildFile; fileRef = 1C8AF9612AF931A300A4818B /* ContentView.swift */; };
		1C8AF9642AF931A400A4818B /* Assets.xcassets in Resources */ = {isa = PBXBuildFile; fileRef = 1C8AF9632AF931A400A4818B /* Assets.xcassets */; };
		1C8AF9672AF931A400A4818B /* Preview Assets.xcassets in Resources */ = {isa = PBXBuildFile; fileRef = 1C8AF9662AF931A400A4818B /* Preview Assets.xcassets */; };
/* End PBXBuildFile section */

/* Begin PBXFileReference section */
		1C2670B82B072E7B00D8E120 /* OffersPage.swift */ = {isa = PBXFileReference; lastKnownFileType = sourcecode.swift; path = OffersPage.swift; sourceTree = "<group>"; };
		1C2670C02B0B1F2C00D8E120 /* MenuPage.swift */ = {isa = PBXFileReference; lastKnownFileType = sourcecode.swift; path = MenuPage.swift; sourceTree = "<group>"; };
		1C2670C22B0B1F3900D8E120 /* InfoPage.swift */ = {isa = PBXFileReference; lastKnownFileType = sourcecode.swift; path = InfoPage.swift; sourceTree = "<group>"; };
		1C2670C42B0B1F5400D8E120 /* OrderPage.swift */ = {isa = PBXFileReference; lastKnownFileType = sourcecode.swift; path = OrderPage.swift; sourceTree = "<group>"; };
		1C2670C82B0B23B900D8E120 /* ProductItem.swift */ = {isa = PBXFileReference; lastKnownFileType = sourcecode.swift; path = ProductItem.swift; sourceTree = "<group>"; };
		1C2670CA2B0B28A000D8E120 /* DetailsPage.swift */ = {isa = PBXFileReference; lastKnownFileType = sourcecode.swift; path = DetailsPage.swift; sourceTree = "<group>"; };
		1C2670CD2B0B2D7000D8E120 /* Category.swift */ = {isa = PBXFileReference; lastKnownFileType = sourcecode.swift; path = Category.swift; sourceTree = "<group>"; };
		1C2670CF2B0B2D8100D8E120 /* Product.swift */ = {isa = PBXFileReference; lastKnownFileType = sourcecode.swift; path = Product.swift; sourceTree = "<group>"; };
		1C2670D12B0B316000D8E120 /* MenuManager.swift */ = {isa = PBXFileReference; lastKnownFileType = sourcecode.swift; path = MenuManager.swift; sourceTree = "<group>"; };
		1C2670D32B0B317B00D8E120 /* OrderManager.swift */ = {isa = PBXFileReference; lastKnownFileType = sourcecode.swift; path = OrderManager.swift; sourceTree = "<group>"; };
		1C2670D52B1068D700D8E120 /* OrderItem.swift */ = {isa = PBXFileReference; lastKnownFileType = sourcecode.swift; path = OrderItem.swift; sourceTree = "<group>"; };
		1C666A6C2B05D8030073341C /* Offer.swift */ = {isa = PBXFileReference; lastKnownFileType = sourcecode.swift; path = Offer.swift; sourceTree = "<group>"; };
		1C8AF95C2AF931A300A4818B /* HotTamales.app */ = {isa = PBXFileReference; explicitFileType = wrapper.application; includeInIndex = 0; path = HotTamales.app; sourceTree = BUILT_PRODUCTS_DIR; };
		1C8AF95F2AF931A300A4818B /* HotTamalesApp.swift */ = {isa = PBXFileReference; lastKnownFileType = sourcecode.swift; path = HotTamalesApp.swift; sourceTree = "<group>"; };
		1C8AF9612AF931A300A4818B /* ContentView.swift */ = {isa = PBXFileReference; lastKnownFileType = sourcecode.swift; path = ContentView.swift; sourceTree = "<group>"; };
		1C8AF9632AF931A400A4818B /* Assets.xcassets */ = {isa = PBXFileReference; lastKnownFileType = folder.assetcatalog; path = Assets.xcassets; sourceTree = "<group>"; };
		1C8AF9662AF931A400A4818B /* Preview Assets.xcassets */ = {isa = PBXFileReference; lastKnownFileType = folder.assetcatalog; path = "Preview Assets.xcassets"; sourceTree = "<group>"; };
/* End PBXFileReference section */

/* Begin PBXFrameworksBuildPhase section */
		1C8AF9592AF931A300A4818B /* Frameworks */ = {
			isa = PBXFrameworksBuildPhase;
			buildActionMask = 2147483647;
			files = (
				1C2670D92B108C0900D8E120 /* Alamofire in Frameworks */,
			);
			runOnlyForDeploymentPostprocessing = 0;
		};
/* End PBXFrameworksBuildPhase section */

/* Begin PBXGroup section */
		1C2670BA2B0B1E3400D8E120 /* Page Views */ = {
			isa = PBXGroup;
			children = (
				1C2670B82B072E7B00D8E120 /* OffersPage.swift */,
				1C2670C02B0B1F2C00D8E120 /* MenuPage.swift */,
				1C2670CA2B0B28A000D8E120 /* DetailsPage.swift */,
				1C2670C42B0B1F5400D8E120 /* OrderPage.swift */,
				1C2670C22B0B1F3900D8E120 /* InfoPage.swift */,
				1C2670BB2B0B1EB100D8E120 /* Views */,
			);
			path = "Page Views";
			sourceTree = "<group>";
		};
		1C2670BB2B0B1EB100D8E120 /* Views */ = {
			isa = PBXGroup;
			children = (
				1C666A6C2B05D8030073341C /* Offer.swift */,
				1C2670C82B0B23B900D8E120 /* ProductItem.swift */,
				1C2670D52B1068D700D8E120 /* OrderItem.swift */,
			);
			path = Views;
			sourceTree = "<group>";
		};
		1C2670CC2B0B2D5600D8E120 /* Model */ = {
			isa = PBXGroup;
			children = (
				1C2670CD2B0B2D7000D8E120 /* Category.swift */,
				1C2670D12B0B316000D8E120 /* MenuManager.swift */,
				1C2670D32B0B317B00D8E120 /* OrderManager.swift */,
				1C2670CF2B0B2D8100D8E120 /* Product.swift */,
			);
			path = Model;
			sourceTree = "<group>";
		};
		1C8AF9532AF931A300A4818B = {
			isa = PBXGroup;
			children = (
				1C8AF95E2AF931A300A4818B /* HotTamales */,
				1C8AF95D2AF931A300A4818B /* Products */,
			);
			sourceTree = "<group>";
		};
		1C8AF95D2AF931A300A4818B /* Products */ = {
			isa = PBXGroup;
			children = (
				1C8AF95C2AF931A300A4818B /* HotTamales.app */,
			);
			name = Products;
			sourceTree = "<group>";
		};
		1C8AF95E2AF931A300A4818B /* HotTamales */ = {
			isa = PBXGroup;
			children = (
				1C2670CC2B0B2D5600D8E120 /* Model */,
				1C2670BA2B0B1E3400D8E120 /* Page Views */,
				1C8AF95F2AF931A300A4818B /* HotTamalesApp.swift */,
				1C8AF9612AF931A300A4818B /* ContentView.swift */,
				1C8AF9632AF931A400A4818B /* Assets.xcassets */,
				1C8AF9652AF931A400A4818B /* Preview Content */,
			);
			path = HotTamales;
			sourceTree = "<group>";
		};
		1C8AF9652AF931A400A4818B /* Preview Content */ = {
			isa = PBXGroup;
			children = (
				1C8AF9662AF931A400A4818B /* Preview Assets.xcassets */,
			);
			path = "Preview Content";
			sourceTree = "<group>";
		};
/* End PBXGroup section */

/* Begin PBXNativeTarget section */
		1C8AF95B2AF931A300A4818B /* HotTamales */ = {
			isa = PBXNativeTarget;
			buildConfigurationList = 1C8AF96A2AF931A400A4818B /* Build configuration list for PBXNativeTarget "HotTamales" */;
			buildPhases = (
				1C8AF9582AF931A300A4818B /* Sources */,
				1C8AF9592AF931A300A4818B /* Frameworks */,
				1C8AF95A2AF931A300A4818B /* Resources */,
			);
			buildRules = (
			);
			dependencies = (
			);
			name = HotTamales;
			packageProductDependencies = (
				1C2670D82B108C0900D8E120 /* Alamofire */,
			);
			productName = HotTamales;
			productReference = 1C8AF95C2AF931A300A4818B /* HotTamales.app */;
			productType = "com.apple.product-type.application";
		};
/* End PBXNativeTarget section */

/* Begin PBXProject section */
		1C8AF9542AF931A300A4818B /* Project object */ = {
			isa = PBXProject;
			attributes = {
				BuildIndependentTargetsInParallel = 1;
				LastSwiftUpdateCheck = 1500;
				LastUpgradeCheck = 1500;
				TargetAttributes = {
					1C8AF95B2AF931A300A4818B = {
						CreatedOnToolsVersion = 15.0.1;
					};
				};
			};
			buildConfigurationList = 1C8AF9572AF931A300A4818B /* Build configuration list for PBXProject "HotTamales" */;
			compatibilityVersion = "Xcode 14.0";
			developmentRegion = en;
			hasScannedForEncodings = 0;
			knownRegions = (
				en,
				Base,
			);
			mainGroup = 1C8AF9532AF931A300A4818B;
			packageReferences = (
				1C2670D72B108C0900D8E120 /* XCRemoteSwiftPackageReference "Alamofire" */,
			);
			productRefGroup = 1C8AF95D2AF931A300A4818B /* Products */;
			projectDirPath = "";
			projectRoot = "";
			targets = (
				1C8AF95B2AF931A300A4818B /* HotTamales */,
			);
		};
/* End PBXProject section */

/* Begin PBXResourcesBuildPhase section */
		1C8AF95A2AF931A300A4818B /* Resources */ = {
			isa = PBXResourcesBuildPhase;
			buildActionMask = 2147483647;
			files = (
				1C8AF9672AF931A400A4818B /* Preview Assets.xcassets in Resources */,
				1C8AF9642AF931A400A4818B /* Assets.xcassets in Resources */,
			);
			runOnlyForDeploymentPostprocessing = 0;
		};
/* End PBXResourcesBuildPhase section */

/* Begin PBXSourcesBuildPhase section */
		1C8AF9582AF931A300A4818B /* Sources */ = {
			isa = PBXSourcesBuildPhase;
			buildActionMask = 2147483647;
			files = (
				1C2670D22B0B316000D8E120 /* MenuManager.swift in Sources */,
				1C2670C52B0B1F5400D8E120 /* OrderPage.swift in Sources */,
				1C2670CE2B0B2D7000D8E120 /* Category.swift in Sources */,
				1C666A6D2B05D8030073341C /* Offer.swift in Sources */,
				1C2670B92B072E7B00D8E120 /* OffersPage.swift in Sources */,
				1C2670CB2B0B28A000D8E120 /* DetailsPage.swift in Sources */,
				1C2670D02B0B2D8100D8E120 /* Product.swift in Sources */,
				1C8AF9622AF931A300A4818B /* ContentView.swift in Sources */,
				1C2670C92B0B23B900D8E120 /* ProductItem.swift in Sources */,
				1C2670D62B1068D700D8E120 /* OrderItem.swift in Sources */,
				1C2670C32B0B1F3900D8E120 /* InfoPage.swift in Sources */,
				1C8AF9602AF931A300A4818B /* HotTamalesApp.swift in Sources */,
				1C2670C12B0B1F2C00D8E120 /* MenuPage.swift in Sources */,
				1C2670D42B0B317B00D8E120 /* OrderManager.swift in Sources */,
			);
			runOnlyForDeploymentPostprocessing = 0;
		};
/* End PBXSourcesBuildPhase section */

/* Begin XCBuildConfiguration section */
		1C8AF9682AF931A400A4818B /* Debug */ = {
			isa = XCBuildConfiguration;
			buildSettings = {
				ALWAYS_SEARCH_USER_PATHS = NO;
				ASSETCATALOG_COMPILER_GENERATE_SWIFT_ASSET_SYMBOL_EXTENSIONS = YES;
				CLANG_ANALYZER_NONNULL = YES;
				CLANG_ANALYZER_NUMBER_OBJECT_CONVERSION = YES_AGGRESSIVE;
				CLANG_CXX_LANGUAGE_STANDARD = "gnu++20";
				CLANG_ENABLE_MODULES = YES;
				CLANG_ENABLE_OBJC_ARC = YES;
				CLANG_ENABLE_OBJC_WEAK = YES;
				CLANG_WARN_BLOCK_CAPTURE_AUTORELEASING = YES;
				CLANG_WARN_BOOL_CONVERSION = YES;
				CLANG_WARN_COMMA = YES;
				CLANG_WARN_CONSTANT_CONVERSION = YES;
				CLANG_WARN_DEPRECATED_OBJC_IMPLEMENTATIONS = YES;
				CLANG_WARN_DIRECT_OBJC_ISA_USAGE = YES_ERROR;
				CLANG_WARN_DOCUMENTATION_COMMENTS = YES;
				CLANG_WARN_EMPTY_BODY = YES;
				CLANG_WARN_ENUM_CONVERSION = YES;
				CLANG_WARN_INFINITE_RECURSION = YES;
				CLANG_WARN_INT_CONVERSION = YES;
				CLANG_WARN_NON_LITERAL_NULL_CONVERSION = YES;
				CLANG_WARN_OBJC_IMPLICIT_RETAIN_SELF = YES;
				CLANG_WARN_OBJC_LITERAL_CONVERSION = YES;
				CLANG_WARN_OBJC_ROOT_CLASS = YES_ERROR;
				CLANG_WARN_QUOTED_INCLUDE_IN_FRAMEWORK_HEADER = YES;
				CLANG_WARN_RANGE_LOOP_ANALYSIS = YES;
				CLANG_WARN_STRICT_PROTOTYPES = YES;
				CLANG_WARN_SUSPICIOUS_MOVE = YES;
				CLANG_WARN_UNGUARDED_AVAILABILITY = YES_AGGRESSIVE;
				CLANG_WARN_UNREACHABLE_CODE = YES;
				CLANG_WARN__DUPLICATE_METHOD_MATCH = YES;
				COPY_PHASE_STRIP = NO;
				DEBUG_INFORMATION_FORMAT = dwarf;
				ENABLE_STRICT_OBJC_MSGSEND = YES;
				ENABLE_TESTABILITY = YES;
				ENABLE_USER_SCRIPT_SANDBOXING = YES;
				GCC_C_LANGUAGE_STANDARD = gnu17;
				GCC_DYNAMIC_NO_PIC = NO;
				GCC_NO_COMMON_BLOCKS = YES;
				GCC_OPTIMIZATION_LEVEL = 0;
				GCC_PREPROCESSOR_DEFINITIONS = (
					"DEBUG=1",
					"$(inherited)",
				);
				GCC_WARN_64_TO_32_BIT_CONVERSION = YES;
				GCC_WARN_ABOUT_RETURN_TYPE = YES_ERROR;
				GCC_WARN_UNDECLARED_SELECTOR = YES;
				GCC_WARN_UNINITIALIZED_AUTOS = YES_AGGRESSIVE;
				GCC_WARN_UNUSED_FUNCTION = YES;
				GCC_WARN_UNUSED_VARIABLE = YES;
				IPHONEOS_DEPLOYMENT_TARGET = 17.0;
				LOCALIZATION_PREFERS_STRING_CATALOGS = YES;
				MTL_ENABLE_DEBUG_INFO = INCLUDE_SOURCE;
				MTL_FAST_MATH = YES;
				ONLY_ACTIVE_ARCH = YES;
				SDKROOT = iphoneos;
				SWIFT_ACTIVE_COMPILATION_CONDITIONS = "DEBUG $(inherited)";
				SWIFT_OPTIMIZATION_LEVEL = "-Onone";
			};
			name = Debug;
		};
		1C8AF9692AF931A400A4818B /* Release */ = {
			isa = XCBuildConfiguration;
			buildSettings = {
				ALWAYS_SEARCH_USER_PATHS = NO;
				ASSETCATALOG_COMPILER_GENERATE_SWIFT_ASSET_SYMBOL_EXTENSIONS = YES;
				CLANG_ANALYZER_NONNULL = YES;
				CLANG_ANALYZER_NUMBER_OBJECT_CONVERSION = YES_AGGRESSIVE;
				CLANG_CXX_LANGUAGE_STANDARD = "gnu++20";
				CLANG_ENABLE_MODULES = YES;
				CLANG_ENABLE_OBJC_ARC = YES;
				CLANG_ENABLE_OBJC_WEAK = YES;
				CLANG_WARN_BLOCK_CAPTURE_AUTORELEASING = YES;
				CLANG_WARN_BOOL_CONVERSION = YES;
				CLANG_WARN_COMMA = YES;
				CLANG_WARN_CONSTANT_CONVERSION = YES;
				CLANG_WARN_DEPRECATED_OBJC_IMPLEMENTATIONS = YES;
				CLANG_WARN_DIRECT_OBJC_ISA_USAGE = YES_ERROR;
				CLANG_WARN_DOCUMENTATION_COMMENTS = YES;
				CLANG_WARN_EMPTY_BODY = YES;
				CLANG_WARN_ENUM_CONVERSION = YES;
				CLANG_WARN_INFINITE_RECURSION = YES;
				CLANG_WARN_INT_CONVERSION = YES;
				CLANG_WARN_NON_LITERAL_NULL_CONVERSION = YES;
				CLANG_WARN_OBJC_IMPLICIT_RETAIN_SELF = YES;
				CLANG_WARN_OBJC_LITERAL_CONVERSION = YES;
				CLANG_WARN_OBJC_ROOT_CLASS = YES_ERROR;
				CLANG_WARN_QUOTED_INCLUDE_IN_FRAMEWORK_HEADER = YES;
				CLANG_WARN_RANGE_LOOP_ANALYSIS = YES;
				CLANG_WARN_STRICT_PROTOTYPES = YES;
				CLANG_WARN_SUSPICIOUS_MOVE = YES;
				CLANG_WARN_UNGUARDED_AVAILABILITY = YES_AGGRESSIVE;
				CLANG_WARN_UNREACHABLE_CODE = YES;
				CLANG_WARN__DUPLICATE_METHOD_MATCH = YES;
				COPY_PHASE_STRIP = NO;
				DEBUG_INFORMATION_FORMAT = "dwarf-with-dsym";
				ENABLE_NS_ASSERTIONS = NO;
				ENABLE_STRICT_OBJC_MSGSEND = YES;
				ENABLE_USER_SCRIPT_SANDBOXING = YES;
				GCC_C_LANGUAGE_STANDARD = gnu17;
				GCC_NO_COMMON_BLOCKS = YES;
				GCC_WARN_64_TO_32_BIT_CONVERSION = YES;
				GCC_WARN_ABOUT_RETURN_TYPE = YES_ERROR;
				GCC_WARN_UNDECLARED_SELECTOR = YES;
				GCC_WARN_UNINITIALIZED_AUTOS = YES_AGGRESSIVE;
				GCC_WARN_UNUSED_FUNCTION = YES;
				GCC_WARN_UNUSED_VARIABLE = YES;
				IPHONEOS_DEPLOYMENT_TARGET = 17.0;
				LOCALIZATION_PREFERS_STRING_CATALOGS = YES;
				MTL_ENABLE_DEBUG_INFO = NO;
				MTL_FAST_MATH = YES;
				SDKROOT = iphoneos;
				SWIFT_COMPILATION_MODE = wholemodule;
				VALIDATE_PRODUCT = YES;
			};
			name = Release;
		};
		1C8AF96B2AF931A400A4818B /* Debug */ = {
			isa = XCBuildConfiguration;
			buildSettings = {
				ASSETCATALOG_COMPILER_APPICON_NAME = AppIcon;
				ASSETCATALOG_COMPILER_GLOBAL_ACCENT_COLOR_NAME = AccentColor;
				CODE_SIGN_STYLE = Automatic;
				CURRENT_PROJECT_VERSION = 1;
				DEVELOPMENT_ASSET_PATHS = "\"HotTamales/Preview Content\"";
				ENABLE_PREVIEWS = YES;
				GENERATE_INFOPLIST_FILE = YES;
				INFOPLIST_KEY_UIApplicationSceneManifest_Generation = YES;
				INFOPLIST_KEY_UIApplicationSupportsIndirectInputEvents = YES;
				INFOPLIST_KEY_UILaunchScreen_Generation = YES;
				INFOPLIST_KEY_UISupportedInterfaceOrientations_iPad = "UIInterfaceOrientationPortrait UIInterfaceOrientationPortraitUpsideDown UIInterfaceOrientationLandscapeLeft UIInterfaceOrientationLandscapeRight";
				INFOPLIST_KEY_UISupportedInterfaceOrientations_iPhone = "UIInterfaceOrientationPortrait UIInterfaceOrientationLandscapeLeft UIInterfaceOrientationLandscapeRight";
				LD_RUNPATH_SEARCH_PATHS = (
					"$(inherited)",
					"@executable_path/Frameworks",
				);
				MARKETING_VERSION = 1.0;
				PRODUCT_BUNDLE_IDENTIFIER = com.frontendmasters.app.HotTamales;
				PRODUCT_NAME = "$(TARGET_NAME)";
				SWIFT_EMIT_LOC_STRINGS = YES;
				SWIFT_VERSION = 5.0;
				TARGETED_DEVICE_FAMILY = "1,2";
			};
			name = Debug;
		};
		1C8AF96C2AF931A400A4818B /* Release */ = {
			isa = XCBuildConfiguration;
			buildSettings = {
				ASSETCATALOG_COMPILER_APPICON_NAME = AppIcon;
				ASSETCATALOG_COMPILER_GLOBAL_ACCENT_COLOR_NAME = AccentColor;
				CODE_SIGN_STYLE = Automatic;
				CURRENT_PROJECT_VERSION = 1;
				DEVELOPMENT_ASSET_PATHS = "\"HotTamales/Preview Content\"";
				ENABLE_PREVIEWS = YES;
				GENERATE_INFOPLIST_FILE = YES;
				INFOPLIST_KEY_UIApplicationSceneManifest_Generation = YES;
				INFOPLIST_KEY_UIApplicationSupportsIndirectInputEvents = YES;
				INFOPLIST_KEY_UILaunchScreen_Generation = YES;
				INFOPLIST_KEY_UISupportedInterfaceOrientations_iPad = "UIInterfaceOrientationPortrait UIInterfaceOrientationPortraitUpsideDown UIInterfaceOrientationLandscapeLeft UIInterfaceOrientationLandscapeRight";
				INFOPLIST_KEY_UISupportedInterfaceOrientations_iPhone = "UIInterfaceOrientationPortrait UIInterfaceOrientationLandscapeLeft UIInterfaceOrientationLandscapeRight";
				LD_RUNPATH_SEARCH_PATHS = (
					"$(inherited)",
					"@executable_path/Frameworks",
				);
				MARKETING_VERSION = 1.0;
				PRODUCT_BUNDLE_IDENTIFIER = com.frontendmasters.app.HotTamales;
				PRODUCT_NAME = "$(TARGET_NAME)";
				SWIFT_EMIT_LOC_STRINGS = YES;
				SWIFT_VERSION = 5.0;
				TARGETED_DEVICE_FAMILY = "1,2";
			};
			name = Release;
		};
/* End XCBuildConfiguration section */

/* Begin XCConfigurationList section */
		1C8AF9572AF931A300A4818B /* Build configuration list for PBXProject "HotTamales" */ = {
			isa = XCConfigurationList;
			buildConfigurations = (
				1C8AF9682AF931A400A4818B /* Debug */,
				1C8AF9692AF931A400A4818B /* Release */,
			);
			defaultConfigurationIsVisible = 0;
			defaultConfigurationName = Release;
		};
		1C8AF96A2AF931A400A4818B /* Build configuration list for PBXNativeTarget "HotTamales" */ = {
			isa = XCConfigurationList;
			buildConfigurations = (
				1C8AF96B2AF931A400A4818B /* Debug */,
				1C8AF96C2AF931A400A4818B /* Release */,
			);
			defaultConfigurationIsVisible = 0;
			defaultConfigurationName = Release;
		};
/* End XCConfigurationList section */

/* Begin XCRemoteSwiftPackageReference section */
		1C2670D72B108C0900D8E120 /* XCRemoteSwiftPackageReference "Alamofire" */ = {
			isa = XCRemoteSwiftPackageReference;
			repositoryURL = "https://github.com/Alamofire/Alamofire.git";
			requirement = {
				kind = upToNextMajorVersion;
				minimumVersion = 5.8.1;
			};
		};
/* End XCRemoteSwiftPackageReference section */

/* Begin XCSwiftPackageProductDependency section */
		1C2670D82B108C0900D8E120 /* Alamofire */ = {
			isa = XCSwiftPackageProductDependency;
			package = 1C2670D72B108C0900D8E120 /* XCRemoteSwiftPackageReference "Alamofire" */;
			productName = Alamofire;
		};
/* End XCSwiftPackageProductDependency section */
	};
	rootObject = 1C8AF9542AF931A300A4818B /* Project object */;
}
